// !$*UTF8*$!
{
	archiveVersion = 1;
	classes = {
	};
	objectVersion = 50;
	objects = {

/* Begin PBXBuildFile section */
		F62D3AD0235AEC1700423254 /* AppDelegate.swift in Sources */ = {isa = PBXBuildFile; fileRef = F62D3ACF235AEC1700423254 /* AppDelegate.swift */; };
		F62D3AD2235AEC1700423254 /* StopWatchViewController.swift in Sources */ = {isa = PBXBuildFile; fileRef = F62D3AD1235AEC1700423254 /* StopWatchViewController.swift */; };
		F62D3AD5235AEC1700423254 /* Main.storyboard in Resources */ = {isa = PBXBuildFile; fileRef = F62D3AD3235AEC1700423254 /* Main.storyboard */; };
		F62D3AD8235AEC1700423254 /* StopWatch.xcdatamodeld in Sources */ = {isa = PBXBuildFile; fileRef = F62D3AD6235AEC1700423254 /* StopWatch.xcdatamodeld */; };
		F62D3ADA235AEC1800423254 /* Assets.xcassets in Resources */ = {isa = PBXBuildFile; fileRef = F62D3AD9235AEC1800423254 /* Assets.xcassets */; };
		F62D3ADD235AEC1800423254 /* LaunchScreen.storyboard in Resources */ = {isa = PBXBuildFile; fileRef = F62D3ADB235AEC1800423254 /* LaunchScreen.storyboard */; };
		F62D3AED235AF1DE00423254 /* LapTableViewCell.swift in Sources */ = {isa = PBXBuildFile; fileRef = F62D3AEA235AF1DE00423254 /* LapTableViewCell.swift */; };
		F62D3AEE235AF1DE00423254 /* CustomRoundedButton.swift in Sources */ = {isa = PBXBuildFile; fileRef = F62D3AEC235AF1DE00423254 /* CustomRoundedButton.swift */; };
		F62D3AF3235AFE2F00423254 /* Constants.swift in Sources */ = {isa = PBXBuildFile; fileRef = F62D3AF2235AFE2F00423254 /* Constants.swift */; };
		F62D3AFD235B0FAB00423254 /* CustomStateButton.swift in Sources */ = {isa = PBXBuildFile; fileRef = F62D3AFC235B0FAB00423254 /* CustomStateButton.swift */; };
		F62D3B00235B1C6900423254 /* DoubleExtension.swift in Sources */ = {isa = PBXBuildFile; fileRef = F62D3AFF235B1C6900423254 /* DoubleExtension.swift */; };
		F62D3B05235B2F0A00423254 /* DataModelInteractor.swift in Sources */ = {isa = PBXBuildFile; fileRef = F62D3B04235B2F0A00423254 /* DataModelInteractor.swift */; };
		F644D3A02361CFE90040B20E /* TimerManager.swift in Sources */ = {isa = PBXBuildFile; fileRef = F644D39F2361CFE90040B20E /* TimerManager.swift */; };
		F644D3A32361D7FC0040B20E /* LapTableViewDataSource.swift in Sources */ = {isa = PBXBuildFile; fileRef = F644D3A22361D7FC0040B20E /* LapTableViewDataSource.swift */; };
/* End PBXBuildFile section */

/* Begin PBXFileReference section */
		F62D3ACC235AEC1700423254 /* StopWatch.app */ = {isa = PBXFileReference; explicitFileType = wrapper.application; includeInIndex = 0; path = StopWatch.app; sourceTree = BUILT_PRODUCTS_DIR; };
		F62D3ACF235AEC1700423254 /* AppDelegate.swift */ = {isa = PBXFileReference; lastKnownFileType = sourcecode.swift; path = AppDelegate.swift; sourceTree = "<group>"; };
		F62D3AD1235AEC1700423254 /* StopWatchViewController.swift */ = {isa = PBXFileReference; lastKnownFileType = sourcecode.swift; path = StopWatchViewController.swift; sourceTree = "<group>"; };
		F62D3AD4235AEC1700423254 /* Base */ = {isa = PBXFileReference; lastKnownFileType = file.storyboard; name = Base; path = Base.lproj/Main.storyboard; sourceTree = "<group>"; };
		F62D3AD7235AEC1700423254 /* StopWatch.xcdatamodel */ = {isa = PBXFileReference; lastKnownFileType = wrapper.xcdatamodel; path = StopWatch.xcdatamodel; sourceTree = "<group>"; };
		F62D3AD9235AEC1800423254 /* Assets.xcassets */ = {isa = PBXFileReference; lastKnownFileType = folder.assetcatalog; path = Assets.xcassets; sourceTree = "<group>"; };
		F62D3ADC235AEC1800423254 /* Base */ = {isa = PBXFileReference; lastKnownFileType = file.storyboard; name = Base; path = Base.lproj/LaunchScreen.storyboard; sourceTree = "<group>"; };
		F62D3ADE235AEC1800423254 /* Info.plist */ = {isa = PBXFileReference; lastKnownFileType = text.plist.xml; path = Info.plist; sourceTree = "<group>"; };
		F62D3AEA235AF1DE00423254 /* LapTableViewCell.swift */ = {isa = PBXFileReference; fileEncoding = 4; lastKnownFileType = sourcecode.swift; path = LapTableViewCell.swift; sourceTree = "<group>"; };
		F62D3AEC235AF1DE00423254 /* CustomRoundedButton.swift */ = {isa = PBXFileReference; fileEncoding = 4; lastKnownFileType = sourcecode.swift; path = CustomRoundedButton.swift; sourceTree = "<group>"; };
		F62D3AF2235AFE2F00423254 /* Constants.swift */ = {isa = PBXFileReference; lastKnownFileType = sourcecode.swift; path = Constants.swift; sourceTree = "<group>"; };
		F62D3AFC235B0FAB00423254 /* CustomStateButton.swift */ = {isa = PBXFileReference; lastKnownFileType = sourcecode.swift; path = CustomStateButton.swift; sourceTree = "<group>"; };
		F62D3AFF235B1C6900423254 /* DoubleExtension.swift */ = {isa = PBXFileReference; lastKnownFileType = sourcecode.swift; path = DoubleExtension.swift; sourceTree = "<group>"; };
		F62D3B04235B2F0A00423254 /* DataModelInteractor.swift */ = {isa = PBXFileReference; lastKnownFileType = sourcecode.swift; path = DataModelInteractor.swift; sourceTree = "<group>"; };
		F644D39F2361CFE90040B20E /* TimerManager.swift */ = {isa = PBXFileReference; fileEncoding = 4; lastKnownFileType = sourcecode.swift; path = TimerManager.swift; sourceTree = "<group>"; };
		F644D3A22361D7FC0040B20E /* LapTableViewDataSource.swift */ = {isa = PBXFileReference; lastKnownFileType = sourcecode.swift; path = LapTableViewDataSource.swift; sourceTree = "<group>"; };
/* End PBXFileReference section */

/* Begin PBXFrameworksBuildPhase section */
		F62D3AC9235AEC1700423254 /* Frameworks */ = {
			isa = PBXFrameworksBuildPhase;
			buildActionMask = 2147483647;
			files = (
			);
			runOnlyForDeploymentPostprocessing = 0;
		};
/* End PBXFrameworksBuildPhase section */

/* Begin PBXGroup section */
		F62D3AC3235AEC1700423254 = {
			isa = PBXGroup;
			children = (
				F62D3ACE235AEC1700423254 /* StopWatch */,
				F62D3ACD235AEC1700423254 /* Products */,
			);
			sourceTree = "<group>";
		};
		F62D3ACD235AEC1700423254 /* Products */ = {
			isa = PBXGroup;
			children = (
				F62D3ACC235AEC1700423254 /* StopWatch.app */,
			);
			name = Products;
			sourceTree = "<group>";
		};
		F62D3ACE235AEC1700423254 /* StopWatch */ = {
			isa = PBXGroup;
			children = (
				F644D3A12361D7E40040B20E /* DataSource */,
				F644D39E2361CFE90040B20E /* Managers */,
				F62D3AFE235B1C5600423254 /* Helpers */,
				F62D3AF1235AFDFD00423254 /* Configuration */,
				F62D3AEF235AFAEA00423254 /* Controller */,
				F62D3AE8235AF1DE00423254 /* VIews */,
				F64506CB2362E80200F36F4B /* DataModel */,
				F62D3ACF235AEC1700423254 /* AppDelegate.swift */,
				F62D3ADB235AEC1800423254 /* LaunchScreen.storyboard */,
				F62D3ADE235AEC1800423254 /* Info.plist */,
			);
			path = StopWatch;
			sourceTree = "<group>";
		};
		F62D3AE8235AF1DE00423254 /* VIews */ = {
			isa = PBXGroup;
			children = (
				F62D3AE9235AF1DE00423254 /* TableViewCells */,
				F62D3AD9235AEC1800423254 /* Assets.xcassets */,
				F62D3AD3235AEC1700423254 /* Main.storyboard */,
			);
			path = VIews;
			sourceTree = "<group>";
		};
		F62D3AE9235AF1DE00423254 /* TableViewCells */ = {
			isa = PBXGroup;
			children = (
				F62D3AEB235AF1DE00423254 /* CutsomViews */,
				F62D3AEA235AF1DE00423254 /* LapTableViewCell.swift */,
			);
			path = TableViewCells;
			sourceTree = "<group>";
		};
		F62D3AEB235AF1DE00423254 /* CutsomViews */ = {
			isa = PBXGroup;
			children = (
				F62D3AEC235AF1DE00423254 /* CustomRoundedButton.swift */,
				F62D3AFC235B0FAB00423254 /* CustomStateButton.swift */,
			);
			path = CutsomViews;
			sourceTree = "<group>";
		};
		F62D3AEF235AFAEA00423254 /* Controller */ = {
			isa = PBXGroup;
			children = (
				F62D3AD1235AEC1700423254 /* StopWatchViewController.swift */,
			);
			path = Controller;
			sourceTree = "<group>";
		};
		F62D3AF1235AFDFD00423254 /* Configuration */ = {
			isa = PBXGroup;
			children = (
				F62D3AF2235AFE2F00423254 /* Constants.swift */,
			);
			path = Configuration;
			sourceTree = "<group>";
		};
		F62D3AFE235B1C5600423254 /* Helpers */ = {
			isa = PBXGroup;
			children = (
				F62D3AFF235B1C6900423254 /* DoubleExtension.swift */,
			);
			path = Helpers;
			sourceTree = "<group>";
		};
		F644D39E2361CFE90040B20E /* Managers */ = {
			isa = PBXGroup;
			children = (
				F644D39F2361CFE90040B20E /* TimerManager.swift */,
				F62D3B04235B2F0A00423254 /* DataModelInteractor.swift */,
			);
			path = Managers;
			sourceTree = "<group>";
		};
		F644D3A12361D7E40040B20E /* DataSource */ = {
			isa = PBXGroup;
			children = (
				F644D3A22361D7FC0040B20E /* LapTableViewDataSource.swift */,
			);
			path = DataSource;
			sourceTree = "<group>";
		};
		F64506CB2362E80200F36F4B /* DataModel */ = {
			isa = PBXGroup;
			children = (
				F62D3AD6235AEC1700423254 /* StopWatch.xcdatamodeld */,
			);
			path = DataModel;
			sourceTree = "<group>";
		};
/* End PBXGroup section */

/* Begin PBXNativeTarget section */
		F62D3ACB235AEC1700423254 /* StopWatch */ = {
			isa = PBXNativeTarget;
			buildConfigurationList = F62D3AE1235AEC1800423254 /* Build configuration list for PBXNativeTarget "StopWatch" */;
			buildPhases = (
				F62D3AC8235AEC1700423254 /* Sources */,
				F62D3AC9235AEC1700423254 /* Frameworks */,
				F62D3ACA235AEC1700423254 /* Resources */,
			);
			buildRules = (
			);
			dependencies = (
			);
			name = StopWatch;
			productName = StopWatch;
			productReference = F62D3ACC235AEC1700423254 /* StopWatch.app */;
			productType = "com.apple.product-type.application";
		};
/* End PBXNativeTarget section */

/* Begin PBXProject section */
		F62D3AC4235AEC1700423254 /* Project object */ = {
			isa = PBXProject;
			attributes = {
				LastSwiftUpdateCheck = 1030;
				LastUpgradeCheck = 1030;
				ORGANIZATIONNAME = Sriram;
				TargetAttributes = {
					F62D3ACB235AEC1700423254 = {
						CreatedOnToolsVersion = 10.3;
					};
				};
			};
			buildConfigurationList = F62D3AC7235AEC1700423254 /* Build configuration list for PBXProject "StopWatch" */;
			compatibilityVersion = "Xcode 9.3";
			developmentRegion = en;
			hasScannedForEncodings = 0;
			knownRegions = (
				en,
				Base,
			);
			mainGroup = F62D3AC3235AEC1700423254;
			productRefGroup = F62D3ACD235AEC1700423254 /* Products */;
			projectDirPath = "";
			projectRoot = "";
			targets = (
				F62D3ACB235AEC1700423254 /* StopWatch */,
			);
		};
/* End PBXProject section */

/* Begin PBXResourcesBuildPhase section */
		F62D3ACA235AEC1700423254 /* Resources */ = {
			isa = PBXResourcesBuildPhase;
			buildActionMask = 2147483647;
			files = (
				F62D3ADD235AEC1800423254 /* LaunchScreen.storyboard in Resources */,
				F62D3ADA235AEC1800423254 /* Assets.xcassets in Resources */,
				F62D3AD5235AEC1700423254 /* Main.storyboard in Resources */,
			);
			runOnlyForDeploymentPostprocessing = 0;
		};
/* End PBXResourcesBuildPhase section */

/* Begin PBXSourcesBuildPhase section */
		F62D3AC8235AEC1700423254 /* Sources */ = {
			isa = PBXSourcesBuildPhase;
			buildActionMask = 2147483647;
			files = (
				F62D3AEE235AF1DE00423254 /* CustomRoundedButton.swift in Sources */,
				F644D3A02361CFE90040B20E /* TimerManager.swift in Sources */,
				F62D3AF3235AFE2F00423254 /* Constants.swift in Sources */,
				F644D3A32361D7FC0040B20E /* LapTableViewDataSource.swift in Sources */,
				F62D3B05235B2F0A00423254 /* DataModelInteractor.swift in Sources */,
				F62D3AFD235B0FAB00423254 /* CustomStateButton.swift in Sources */,
				F62D3B00235B1C6900423254 /* DoubleExtension.swift in Sources */,
				F62D3AD8235AEC1700423254 /* StopWatch.xcdatamodeld in Sources */,
				F62D3AED235AF1DE00423254 /* LapTableViewCell.swift in Sources */,
				F62D3AD2235AEC1700423254 /* StopWatchViewController.swift in Sources */,
				F62D3AD0235AEC1700423254 /* AppDelegate.swift in Sources */,
			);
			runOnlyForDeploymentPostprocessing = 0;
		};
/* End PBXSourcesBuildPhase section */

/* Begin PBXVariantGroup section */
		F62D3AD3235AEC1700423254 /* Main.storyboard */ = {
			isa = PBXVariantGroup;
			children = (
				F62D3AD4235AEC1700423254 /* Base */,
			);
			name = Main.storyboard;
			sourceTree = "<group>";
		};
		F62D3ADB235AEC1800423254 /* LaunchScreen.storyboard */ = {
			isa = PBXVariantGroup;
			children = (
				F62D3ADC235AEC1800423254 /* Base */,
			);
			name = LaunchScreen.storyboard;
			sourceTree = "<group>";
		};
/* End PBXVariantGroup section */

/* Begin XCBuildConfiguration section */
		F62D3ADF235AEC1800423254 /* Debug */ = {
			isa = XCBuildConfiguration;
			buildSettings = {
				ALWAYS_SEARCH_USER_PATHS = NO;
				CLANG_ANALYZER_NONNULL = YES;
				CLANG_ANALYZER_NUMBER_OBJECT_CONVERSION = YES_AGGRESSIVE;
				CLANG_CXX_LANGUAGE_STANDARD = "gnu++14";
				CLANG_CXX_LIBRARY = "libc++";
				CLANG_ENABLE_MODULES = YES;
				CLANG_ENABLE_OBJC_ARC = YES;
				CLANG_ENABLE_OBJC_WEAK = YES;
				CLANG_WARN_BLOCK_CAPTURE_AUTORELEASING = YES;
				CLANG_WARN_BOOL_CONVERSION = YES;
				CLANG_WARN_COMMA = YES;
				CLANG_WARN_CONSTANT_CONVERSION = YES;
				CLANG_WARN_DEPRECATED_OBJC_IMPLEMENTATIONS = YES;
				CLANG_WARN_DIRECT_OBJC_ISA_USAGE = YES_ERROR;
				CLANG_WARN_DOCUMENTATION_COMMENTS = YES;
				CLANG_WARN_EMPTY_BODY = YES;
				CLANG_WARN_ENUM_CONVERSION = YES;
				CLANG_WARN_INFINITE_RECURSION = YES;
				CLANG_WARN_INT_CONVERSION = YES;
				CLANG_WARN_NON_LITERAL_NULL_CONVERSION = YES;
				CLANG_WARN_OBJC_IMPLICIT_RETAIN_SELF = YES;
				CLANG_WARN_OBJC_LITERAL_CONVERSION = YES;
				CLANG_WARN_OBJC_ROOT_CLASS = YES_ERROR;
				CLANG_WARN_RANGE_LOOP_ANALYSIS = YES;
				CLANG_WARN_STRICT_PROTOTYPES = YES;
				CLANG_WARN_SUSPICIOUS_MOVE = YES;
				CLANG_WARN_UNGUARDED_AVAILABILITY = YES_AGGRESSIVE;
				CLANG_WARN_UNREACHABLE_CODE = YES;
				CLANG_WARN__DUPLICATE_METHOD_MATCH = YES;
				CODE_SIGN_IDENTITY = "iPhone Developer";
				COPY_PHASE_STRIP = NO;
				DEBUG_INFORMATION_FORMAT = dwarf;
				ENABLE_STRICT_OBJC_MSGSEND = YES;
				ENABLE_TESTABILITY = YES;
				GCC_C_LANGUAGE_STANDARD = gnu11;
				GCC_DYNAMIC_NO_PIC = NO;
				GCC_NO_COMMON_BLOCKS = YES;
				GCC_OPTIMIZATION_LEVEL = 0;
				GCC_PREPROCESSOR_DEFINITIONS = (
					"DEBUG=1",
					"$(inherited)",
				);
				GCC_WARN_64_TO_32_BIT_CONVERSION = YES;
				GCC_WARN_ABOUT_RETURN_TYPE = YES_ERROR;
				GCC_WARN_UNDECLARED_SELECTOR = YES;
				GCC_WARN_UNINITIALIZED_AUTOS = YES_AGGRESSIVE;
				GCC_WARN_UNUSED_FUNCTION = YES;
				GCC_WARN_UNUSED_VARIABLE = YES;
				IPHONEOS_DEPLOYMENT_TARGET = 12.4;
				MTL_ENABLE_DEBUG_INFO = INCLUDE_SOURCE;
				MTL_FAST_MATH = YES;
				ONLY_ACTIVE_ARCH = YES;
				SDKROOT = iphoneos;
				SWIFT_ACTIVE_COMPILATION_CONDITIONS = DEBUG;
				SWIFT_OPTIMIZATION_LEVEL = "-Onone";
			};
			name = Debug;
		};
		F62D3AE0235AEC1800423254 /* Release */ = {
			isa = XCBuildConfiguration;
			buildSettings = {
				ALWAYS_SEARCH_USER_PATHS = NO;
				CLANG_ANALYZER_NONNULL = YES;
				CLANG_ANALYZER_NUMBER_OBJECT_CONVERSION = YES_AGGRESSIVE;
				CLANG_CXX_LANGUAGE_STANDARD = "gnu++14";
				CLANG_CXX_LIBRARY = "libc++";
				CLANG_ENABLE_MODULES = YES;
				CLANG_ENABLE_OBJC_ARC = YES;
				CLANG_ENABLE_OBJC_WEAK = YES;
				CLANG_WARN_BLOCK_CAPTURE_AUTORELEASING = YES;
				CLANG_WARN_BOOL_CONVERSION = YES;
				CLANG_WARN_COMMA = YES;
				CLANG_WARN_CONSTANT_CONVERSION = YES;
				CLANG_WARN_DEPRECATED_OBJC_IMPLEMENTATIONS = YES;
				CLANG_WARN_DIRECT_OBJC_ISA_USAGE = YES_ERROR;
				CLANG_WARN_DOCUMENTATION_COMMENTS = YES;
				CLANG_WARN_EMPTY_BODY = YES;
				CLANG_WARN_ENUM_CONVERSION = YES;
				CLANG_WARN_INFINITE_RECURSION = YES;
				CLANG_WARN_INT_CONVERSION = YES;
				CLANG_WARN_NON_LITERAL_NULL_CONVERSION = YES;
				CLANG_WARN_OBJC_IMPLICIT_RETAIN_SELF = YES;
				CLANG_WARN_OBJC_LITERAL_CONVERSION = YES;
				CLANG_WARN_OBJC_ROOT_CLASS = YES_ERROR;
				CLANG_WARN_RANGE_LOOP_ANALYSIS = YES;
				CLANG_WARN_STRICT_PROTOTYPES = YES;
				CLANG_WARN_SUSPICIOUS_MOVE = YES;
				CLANG_WARN_UNGUARDED_AVAILABILITY = YES_AGGRESSIVE;
				CLANG_WARN_UNREACHABLE_CODE = YES;
				CLANG_WARN__DUPLICATE_METHOD_MATCH = YES;
				CODE_SIGN_IDENTITY = "iPhone Developer";
				COPY_PHASE_STRIP = NO;
				DEBUG_INFORMATION_FORMAT = "dwarf-with-dsym";
				ENABLE_NS_ASSERTIONS = NO;
				ENABLE_STRICT_OBJC_MSGSEND = YES;
				GCC_C_LANGUAGE_STANDARD = gnu11;
				GCC_NO_COMMON_BLOCKS = YES;
				GCC_WARN_64_TO_32_BIT_CONVERSION = YES;
				GCC_WARN_ABOUT_RETURN_TYPE = YES_ERROR;
				GCC_WARN_UNDECLARED_SELECTOR = YES;
				GCC_WARN_UNINITIALIZED_AUTOS = YES_AGGRESSIVE;
				GCC_WARN_UNUSED_FUNCTION = YES;
				GCC_WARN_UNUSED_VARIABLE = YES;
				IPHONEOS_DEPLOYMENT_TARGET = 12.4;
				MTL_ENABLE_DEBUG_INFO = NO;
				MTL_FAST_MATH = YES;
				SDKROOT = iphoneos;
				SWIFT_COMPILATION_MODE = wholemodule;
				SWIFT_OPTIMIZATION_LEVEL = "-O";
				VALIDATE_PRODUCT = YES;
			};
			name = Release;
		};
		F62D3AE2235AEC1800423254 /* Debug */ = {
			isa = XCBuildConfiguration;
			buildSettings = {
				ASSETCATALOG_COMPILER_APPICON_NAME = AppIcon;
				CODE_SIGN_STYLE = Automatic;
				INFOPLIST_FILE = StopWatch/Info.plist;
				LD_RUNPATH_SEARCH_PATHS = (
					"$(inherited)",
					"@executable_path/Frameworks",
				);
				PRODUCT_BUNDLE_IDENTIFIER = com.sriram.StopWatch;
				PRODUCT_NAME = "$(TARGET_NAME)";
				SWIFT_VERSION = 5.0;
				TARGETED_DEVICE_FAMILY = "1,2";
			};
			name = Debug;
		};
		F62D3AE3235AEC1800423254 /* Release */ = {
			isa = XCBuildConfiguration;
			buildSettings = {
				ASSETCATALOG_COMPILER_APPICON_NAME = AppIcon;
				CODE_SIGN_STYLE = Automatic;
				INFOPLIST_FILE = StopWatch/Info.plist;
				LD_RUNPATH_SEARCH_PATHS = (
					"$(inherited)",
					"@executable_path/Frameworks",
				);
				PRODUCT_BUNDLE_IDENTIFIER = com.sriram.StopWatch;
				PRODUCT_NAME = "$(TARGET_NAME)";
				SWIFT_VERSION = 5.0;
				TARGETED_DEVICE_FAMILY = "1,2";
			};
			name = Release;
		};
/* End XCBuildConfiguration section */

/* Begin XCConfigurationList section */
		F62D3AC7235AEC1700423254 /* Build configuration list for PBXProject "StopWatch" */ = {
			isa = XCConfigurationList;
			buildConfigurations = (
				F62D3ADF235AEC1800423254 /* Debug */,
				F62D3AE0235AEC1800423254 /* Release */,
			);
			defaultConfigurationIsVisible = 0;
			defaultConfigurationName = Release;
		};
		F62D3AE1235AEC1800423254 /* Build configuration list for PBXNativeTarget "StopWatch" */ = {
			isa = XCConfigurationList;
			buildConfigurations = (
				F62D3AE2235AEC1800423254 /* Debug */,
				F62D3AE3235AEC1800423254 /* Release */,
			);
			defaultConfigurationIsVisible = 0;
			defaultConfigurationName = Release;
		};
/* End XCConfigurationList section */

/* Begin XCVersionGroup section */
		F62D3AD6235AEC1700423254 /* StopWatch.xcdatamodeld */ = {
			isa = XCVersionGroup;
			children = (
				F62D3AD7235AEC1700423254 /* StopWatch.xcdatamodel */,
			);
			currentVersion = F62D3AD7235AEC1700423254 /* StopWatch.xcdatamodel */;
			path = StopWatch.xcdatamodeld;
			sourceTree = "<group>";
			versionGroupType = wrapper.xcdatamodel;
		};
/* End XCVersionGroup section */
	};
	rootObject = F62D3AC4235AEC1700423254 /* Project object */;
}
